{
  "name": "vue-cli-plugin-wingedcare-template",
  "version": "0.0.1",
  "lockfileVersion": 1,
  "requires": true,
  "dependencies": {
    "less-plugin-functions": {
      "version": "1.0.0",
      "resolved": "https://registry.npmjs.org/less-plugin-functions/-/less-plugin-functions-1.0.0.tgz",
      "integrity": "sha1-xP4Q9oGq4KgG2vn0EtIPAT4Q0kc=",
      "dev": true
    },
    "vue-cli-helper-utils": {
      "version": "0.0.1",
      "resolved": "http://registry.npm.taobao.org/vue-cli-helper-utils/download/vue-cli-helper-utils-0.0.1.tgz",
      "dev": true
    }
  }
}
